
Microsoft Visual Studio Solution File, Format Version 12.00
# Visual Studio 15
VisualStudioVersion = 15.0.28307.136
MinimumVisualStudioVersion = 10.0.40219.1
Project("{FAE04EC0-301F-11D3-BF4B-00C04F79EFBC}") = "ConsumptionCalculator", "ConsumptionCalculator\ConsumptionCalculator.csproj", "{E8B59254-400D-4A31-AC9F-30DE05901665}"
EndProject
Global
	GlobalSection(SolutionConfigurationPlatforms) = preSolution
		Debug|Any CPU = Debug|Any CPU
		Release|Any CPU = Release|Any CPU
	EndGlobalSection
	GlobalSection(ProjectConfigurationPlatforms) = postSolution
		{E8B59254-400D-4A31-AC9F-30DE05901665}.Debug|Any CPU.ActiveCfg = Debug|Any CPU
		{E8B59254-400D-4A31-AC9F-30DE05901665}.Debug|Any CPU.Build.0 = Debug|Any CPU
		{E8B59254-400D-4A31-AC9F-30DE05901665}.Release|Any CPU.ActiveCfg = Release|Any CPU
		{E8B59254-400D-4A31-AC9F-30DE05901665}.Release|Any CPU.Build.0 = Release|Any CPU
	EndGlobalSection
	GlobalSection(SolutionProperties) = preSolution
		HideSolutionNode = FALSE
	EndGlobalSection
	GlobalSection(ExtensibilityGlobals) = postSolution
		SolutionGuid = {A5AB217D-CF73-4420-9B83-F42E1C960FF1}
	EndGlobalSection
EndGlobal
